
Microsoft Visual Studio Solution File, Format Version 12.00
# Visual Studio Version 16
VisualStudioVersion = 16.0.30621.155
MinimumVisualStudioVersion = 10.0.40219.1
Project("{FAE04EC0-301F-11D3-BF4B-00C04F79EFBC}") = "BlazorApp1", "BlazorApp1\BlazorApp1.csproj", "{56ABE9BF-E95A-4070-8D9F-BF932B09B684}"
EndProject
Global
	GlobalSection(SolutionConfigurationPlatforms) = preSolution
		Debug|Any CPU = Debug|Any CPU
		Release|Any CPU = Release|Any CPU
	EndGlobalSection
	GlobalSection(ProjectConfigurationPlatforms) = postSolution
		{56ABE9BF-E95A-4070-8D9F-BF932B09B684}.Debug|Any CPU.ActiveCfg = Debug|Any CPU
		{56ABE9BF-E95A-4070-8D9F-BF932B09B684}.Debug|Any CPU.Build.0 = Debug|Any CPU
		{56ABE9BF-E95A-4070-8D9F-BF932B09B684}.Release|Any CPU.ActiveCfg = Release|Any CPU
		{56ABE9BF-E95A-4070-8D9F-BF932B09B684}.Release|Any CPU.Build.0 = Release|Any CPU
	EndGlobalSection
	GlobalSection(SolutionProperties) = preSolution
		HideSolutionNode = FALSE
	EndGlobalSection
	GlobalSection(ExtensibilityGlobals) = postSolution
		SolutionGuid = {B3F6AAD5-BFDC-44C5-A84C-3DAF9AE9AE66}
	EndGlobalSection
EndGlobal
